
Microsoft Visual Studio Solution File, Format Version 12.00
# Visual Studio 2012
Project("{FAE04EC0-301F-11D3-BF4B-00C04F79EFBC}") = "GuyProject", "GuyProject\GuyProject.csproj", "{A3193173-3D46-4796-9B6D-F125782A0351}"
EndProject
Global
	GlobalSection(SolutionConfigurationPlatforms) = preSolution
		Debug|Any CPU = Debug|Any CPU
		Release|Any CPU = Release|Any CPU
	EndGlobalSection
	GlobalSection(ProjectConfigurationPlatforms) = postSolution
		{A3193173-3D46-4796-9B6D-F125782A0351}.Debug|Any CPU.ActiveCfg = Debug|Any CPU
		{A3193173-3D46-4796-9B6D-F125782A0351}.Debug|Any CPU.Build.0 = Debug|Any CPU
		{A3193173-3D46-4796-9B6D-F125782A0351}.Release|Any CPU.ActiveCfg = Release|Any CPU
		{A3193173-3D46-4796-9B6D-F125782A0351}.Release|Any CPU.Build.0 = Release|Any CPU
	EndGlobalSection
	GlobalSection(SolutionProperties) = preSolution
		HideSolutionNode = FALSE
	EndGlobalSection
EndGlobal
